
Microsoft Visual Studio Solution File, Format Version 12.00
# Visual Studio Version 16
VisualStudioVersion = 16.0.32228.343
MinimumVisualStudioVersion = 10.0.40219.1
Project("{FAE04EC0-301F-11D3-BF4B-00C04F79EFBC}") = "TestApp", "TestApp\TestApp.csproj", "{13594222-4579-4029-9E47-3553AFB741EC}"
EndProject
Global
	GlobalSection(SolutionConfigurationPlatforms) = preSolution
		Debug|Any CPU = Debug|Any CPU
		Release|Any CPU = Release|Any CPU
	EndGlobalSection
	GlobalSection(ProjectConfigurationPlatforms) = postSolution
		{13594222-4579-4029-9E47-3553AFB741EC}.Debug|Any CPU.ActiveCfg = Debug|Any CPU
		{13594222-4579-4029-9E47-3553AFB741EC}.Debug|Any CPU.Build.0 = Debug|Any CPU
		{13594222-4579-4029-9E47-3553AFB741EC}.Release|Any CPU.ActiveCfg = Release|Any CPU
		{13594222-4579-4029-9E47-3553AFB741EC}.Release|Any CPU.Build.0 = Release|Any CPU
	EndGlobalSection
	GlobalSection(SolutionProperties) = preSolution
		HideSolutionNode = FALSE
	EndGlobalSection
	GlobalSection(ExtensibilityGlobals) = postSolution
		SolutionGuid = {6C4FE989-A9D3-474A-B9C7-8EC0FDC44002}
	EndGlobalSection
EndGlobal
